<?xml version="1.0" encoding="utf-8"?>
<Project ToolsVersion="4.0" xmlns="http://schemas.microsoft.com/developer/msbuild/2003">
  <ItemGroup>
    <ClCompile Include="src\testApp.cpp">
      <Filter>src</Filter>
    </ClCompile>
    <ClCompile Include="src\main.cpp">
      <Filter>src</Filter>
    </ClCompile>
    <ClCompile Include="src\main.cpp">
      <Filter>src</Filter>
    </ClCompile>
    <ClCompile Include="src\testApp.cpp">
      <Filter>src</Filter>
    </ClCompile>
    <ClCompile Include="..\..\..\addons\ofxOpenCv\src\ofxCvColorImage.cpp">
      <Filter>addons\ofxOpenCv\src</Filter>
    </ClCompile>
    <ClCompile Include="..\..\..\addons\ofxOpenCv\src\ofxCvContourFinder.cpp">
      <Filter>addons\ofxOpenCv\src</Filter>
    </ClCompile>
    <ClCompile Include="..\..\..\addons\ofxOpenCv\src\ofxCvFloatImage.cpp">
      <Filter>addons\ofxOpenCv\src</Filter>
    </ClCompile>
    <ClCompile Include="..\..\..\addons\ofxOpenCv\src\ofxCvGrayscaleImage.cpp">
      <Filter>addons\ofxOpenCv\src</Filter>
    </ClCompile>
    <ClCompile Include="..\..\..\addons\ofxOpenCv\src\ofxCvHaarFinder.cpp">
      <Filter>addons\ofxOpenCv\src</Filter>
    </ClCompile>
    <ClCompile Include="..\..\..\addons\ofxOpenCv\src\ofxCvImage.cpp">
      <Filter>addons\ofxOpenCv\src</Filter>
    </ClCompile>
    <ClCompile Include="..\..\..\addons\ofxOpenCv\src\ofxCvShortImage.cpp">
      <Filter>addons\ofxOpenCv\src</Filter>
    </ClCompile>
    <ClCompile Include="..\..\..\addons\ofxXmlSettings\src\ofxXmlSettings.cpp">
      <Filter>addons\ofxXmlSettings\src</Filter>
    </ClCompile>
    <ClCompile Include="..\..\..\addons\ofxXmlSettings\libs\tinyxml.cpp">
      <Filter>addons\ofxXmlSettings\libs</Filter>
    </ClCompile>
    <ClCompile Include="..\..\..\addons\ofxXmlSettings\libs\tinyxmlerror.cpp">
      <Filter>addons\ofxXmlSettings\libs</Filter>
    </ClCompile>
    <ClCompile Include="..\..\..\addons\ofxXmlSettings\libs\tinyxmlparser.cpp">
      <Filter>addons\ofxXmlSettings\libs</Filter>
    </ClCompile>
    <ClCompile Include="..\..\..\addons\ofxCv\libs\ofxCv\src\Calibration.cpp">
      <Filter>addons\ofxCv\libs\ofxCv\src</Filter>
    </ClCompile>
    <ClCompile Include="..\..\..\addons\ofxCv\libs\ofxCv\src\ContourFinder.cpp">
      <Filter>addons\ofxCv\libs\ofxCv\src</Filter>
    </ClCompile>
    <ClCompile Include="..\..\..\addons\ofxCv\libs\ofxCv\src\Distance.cpp">
      <Filter>addons\ofxCv\libs\ofxCv\src</Filter>
    </ClCompile>
    <ClCompile Include="..\..\..\addons\ofxCv\libs\ofxCv\src\Flow.cpp">
      <Filter>addons\ofxCv\libs\ofxCv\src</Filter>
    </ClCompile>
    <ClCompile Include="..\..\..\addons\ofxCv\libs\ofxCv\src\Helpers.cpp">
      <Filter>addons\ofxCv\libs\ofxCv\src</Filter>
    </ClCompile>
    <ClCompile Include="..\..\..\addons\ofxCv\libs\ofxCv\src\RunningBackground.cpp">
      <Filter>addons\ofxCv\libs\ofxCv\src</Filter>
    </ClCompile>
    <ClCompile Include="..\..\..\addons\ofxCv\libs\ofxCv\src\Tracker.cpp">
      <Filter>addons\ofxCv\libs\ofxCv\src</Filter>
    </ClCompile>
    <ClCompile Include="..\..\..\addons\ofxCv\libs\ofxCv\src\Utilities.cpp">
      <Filter>addons\ofxCv\libs\ofxCv\src</Filter>
    </ClCompile>
    <ClCompile Include="..\..\..\addons\ofxCv\libs\ofxCv\src\Wrappers.cpp">
      <Filter>addons\ofxCv\libs\ofxCv\src</Filter>
    </ClCompile>
    <ClCompile Include="..\..\..\addons\ofxGameCamera\src\ofxGameCamera.cpp">
      <Filter>addons\ofxGameCamera\src</Filter>
    </ClCompile>
    <ClCompile Include="..\..\..\addons\ofxMSATimer\src\ofxMSATimer.cpp">
      <Filter>addons\ofxMSATimer\src</Filter>
    </ClCompile>
    <ClCompile Include="..\..\..\addons\ofxRGBDepth\src\ofxDepthHoleFiller.cpp">
      <Filter>addons\ofxRGBDepth\src</Filter>
    </ClCompile>
    <ClCompile Include="..\..\..\addons\ofxRGBDepth\src\ofxDepthImageCompressor.cpp">
      <Filter>addons\ofxRGBDepth\src</Filter>
    </ClCompile>
    <ClCompile Include="..\..\..\addons\ofxRGBDepth\src\ofxDepthImageProvider.cpp">
      <Filter>addons\ofxRGBDepth\src</Filter>
    </ClCompile>
    <ClCompile Include="..\..\..\addons\ofxRGBDepth\src\ofxDepthImageSequence.cpp">
      <Filter>addons\ofxRGBDepth\src</Filter>
    </ClCompile>
    <ClCompile Include="..\..\..\addons\ofxRGBDepth\src\ofxRGBDCPURenderer.cpp">
      <Filter>addons\ofxRGBDepth\src</Filter>
    </ClCompile>
    <ClCompile Include="..\..\..\addons\ofxRGBDepth\src\ofxRGBDGPURenderer.cpp">
      <Filter>addons\ofxRGBDepth\src</Filter>
    </ClCompile>
    <ClCompile Include="..\..\..\addons\ofxRGBDepth\src\ofxRGBDPlayer.cpp">
      <Filter>addons\ofxRGBDepth\src</Filter>
    </ClCompile>
    <ClCompile Include="..\..\..\addons\ofxRGBDepth\src\ofxRGBDRenderer.cpp">
      <Filter>addons\ofxRGBDepth\src</Filter>
    </ClCompile>
    <ClCompile Include="..\..\..\addons\ofxRGBDepth\src\ofxRGBDScene.cpp">
      <Filter>addons\ofxRGBDepth\src</Filter>
    </ClCompile>
    <ClCompile Include="..\..\..\addons\ofxRGBDepth\src\ofxRGBDVideoDepthSequence.cpp">
      <Filter>addons\ofxRGBDepth\src</Filter>
    </ClCompile>
    <ClCompile Include="..\..\..\addons\ofxTextInputField\src\ofxTextInputField.cpp">
      <Filter>addons\ofxTextInputField\src</Filter>
    </ClCompile>
    <ClCompile Include="..\..\..\addons\ofxTimecode\src\ofxTimecode.cpp">
      <Filter>addons\ofxTimecode\src</Filter>
    </ClCompile>
    <ClCompile Include="..\..\..\addons\ofxTimeline\src\ofxHotKeys_impl_linux.cpp">
      <Filter>addons\ofxTimeline\src</Filter>
    </ClCompile>
    <ClCompile Include="..\..\..\addons\ofxTimeline\src\ofxHotKeys_impl_mac.mm">
      <Filter>addons\ofxTimeline\src</Filter>
    </ClCompile>
    <ClCompile Include="..\..\..\addons\ofxTimeline\src\ofxHotKeys_impl_win.cpp">
      <Filter>addons\ofxTimeline\src</Filter>
    </ClCompile>
    <ClCompile Include="..\..\..\addons\ofxTimeline\src\ofxRemoveCocoaMenu.mm">
      <Filter>addons\ofxTimeline\src</Filter>
    </ClCompile>
    <ClCompile Include="..\..\..\addons\ofxTimeline\src\ofxTimeline.cpp">
      <Filter>addons\ofxTimeline\src</Filter>
    </ClCompile>
    <ClCompile Include="..\..\..\addons\ofxTimeline\src\ofxTLBangs.cpp">
      <Filter>addons\ofxTimeline\src</Filter>
    </ClCompile>
    <ClCompile Include="..\..\..\addons\ofxTimeline\src\ofxTLCameraTrack.cpp">
      <Filter>addons\ofxTimeline\src</Filter>
    </ClCompile>
    <ClCompile Include="..\..\..\addons\ofxTimeline\src\ofxTLColors.cpp">
      <Filter>addons\ofxTimeline\src</Filter>
    </ClCompile>
    <ClCompile Include="..\..\..\addons\ofxTimeline\src\ofxTLColorTrack.cpp">
      <Filter>addons\ofxTimeline\src</Filter>
    </ClCompile>
    <ClCompile Include="..\..\..\addons\ofxTimeline\src\ofxTLCurves.cpp">
      <Filter>addons\ofxTimeline\src</Filter>
    </ClCompile>
    <ClCompile Include="..\..\..\addons\ofxTimeline\src\ofxTLEmptyKeyframes.cpp">
      <Filter>addons\ofxTimeline\src</Filter>
    </ClCompile>
    <ClCompile Include="..\..\..\addons\ofxTimeline\src\ofxTLEmptyTrack.cpp">
      <Filter>addons\ofxTimeline\src</Filter>
    </ClCompile>
    <ClCompile Include="..\..\..\addons\ofxTimeline\src\ofxTLFlags.cpp">
      <Filter>addons\ofxTimeline\src</Filter>
    </ClCompile>
    <ClCompile Include="..\..\..\addons\ofxTimeline\src\ofxTLImageSequence.cpp">
      <Filter>addons\ofxTimeline\src</Filter>
    </ClCompile>
    <ClCompile Include="..\..\..\addons\ofxTimeline\src\ofxTLImageSequenceFrame.cpp">
      <Filter>addons\ofxTimeline\src</Filter>
    </ClCompile>
    <ClCompile Include="..\..\..\addons\ofxTimeline\src\ofxTLImageTrack.cpp">
      <Filter>addons\ofxTimeline\src</Filter>
    </ClCompile>
    <ClCompile Include="..\..\..\addons\ofxTimeline\src\ofxTLInOut.cpp">
      <Filter>addons\ofxTimeline\src</Filter>
    </ClCompile>
    <ClCompile Include="..\..\..\addons\ofxTimeline\src\ofxTLKeyframes.cpp">
      <Filter>addons\ofxTimeline\src</Filter>
    </ClCompile>
    <ClCompile Include="..\..\..\addons\ofxTimeline\src\ofxTLLFO.cpp">
      <Filter>addons\ofxTimeline\src</Filter>
    </ClCompile>
    <ClCompile Include="..\..\..\addons\ofxTimeline\src\ofxTLPage.cpp">
      <Filter>addons\ofxTimeline\src</Filter>
    </ClCompile>
    <ClCompile Include="..\..\..\addons\ofxTimeline\src\ofxTLPageTabs.cpp">
      <Filter>addons\ofxTimeline\src</Filter>
    </ClCompile>
    <ClCompile Include="..\..\..\addons\ofxTimeline\src\ofxTLSwitches.cpp">
      <Filter>addons\ofxTimeline\src</Filter>
    </ClCompile>
    <ClCompile Include="..\..\..\addons\ofxTimeline\src\ofxTLTicker.cpp">
      <Filter>addons\ofxTimeline\src</Filter>
    </ClCompile>
    <ClCompile Include="..\..\..\addons\ofxTimeline\src\ofxTLTrack.cpp">
      <Filter>addons\ofxTimeline\src</Filter>
    </ClCompile>
    <ClCompile Include="..\..\..\addons\ofxTimeline\src\ofxTLTrackHeader.cpp">
      <Filter>addons\ofxTimeline\src</Filter>
    </ClCompile>
    <ClCompile Include="..\..\..\addons\ofxTimeline\src\ofxTLVideoThumb.cpp">
      <Filter>addons\ofxTimeline\src</Filter>
    </ClCompile>
    <ClCompile Include="..\..\..\addons\ofxTimeline\src\ofxTLVideoTrack.cpp">
      <Filter>addons\ofxTimeline\src</Filter>
    </ClCompile>
    <ClCompile Include="..\..\..\addons\ofxTimeline\src\ofxTLZoomer.cpp">
      <Filter>addons\ofxTimeline\src</Filter>
    </ClCompile>
    <ClCompile Include="..\..\..\addons\ofxTween\src\Easings\ofxEasing.cpp">
      <Filter>addons\ofxTween\src\Easings</Filter>
    </ClCompile>
    <ClCompile Include="..\..\..\addons\ofxTween\src\Easings\ofxEasingBack.cpp">
      <Filter>addons\ofxTween\src\Easings</Filter>
    </ClCompile>
    <ClCompile Include="..\..\..\addons\ofxTween\src\Easings\ofxEasingBounce.cpp">
      <Filter>addons\ofxTween\src\Easings</Filter>
    </ClCompile>
    <ClCompile Include="..\..\..\addons\ofxTween\src\Easings\ofxEasingCirc.cpp">
      <Filter>addons\ofxTween\src\Easings</Filter>
    </ClCompile>
    <ClCompile Include="..\..\..\addons\ofxTween\src\Easings\ofxEasingCubic.cpp">
      <Filter>addons\ofxTween\src\Easings</Filter>
    </ClCompile>
    <ClCompile Include="..\..\..\addons\ofxTween\src\Easings\ofxEasingElastic.cpp">
      <Filter>addons\ofxTween\src\Easings</Filter>
    </ClCompile>
    <ClCompile Include="..\..\..\addons\ofxTween\src\Easings\ofxEasingExpo.cpp">
      <Filter>addons\ofxTween\src\Easings</Filter>
    </ClCompile>
    <ClCompile Include="..\..\..\addons\ofxTween\src\Easings\ofxEasingLinear.cpp">
      <Filter>addons\ofxTween\src\Easings</Filter>
    </ClCompile>
    <ClCompile Include="..\..\..\addons\ofxTween\src\Easings\ofxEasingQuad.cpp">
      <Filter>addons\ofxTween\src\Easings</Filter>
    </ClCompile>
    <ClCompile Include="..\..\..\addons\ofxTween\src\Easings\ofxEasingQuart.cpp">
      <Filter>addons\ofxTween\src\Easings</Filter>
    </ClCompile>
    <ClCompile Include="..\..\..\addons\ofxTween\src\Easings\ofxEasingQuint.cpp">
      <Filter>addons\ofxTween\src\Easings</Filter>
    </ClCompile>
    <ClCompile Include="..\..\..\addons\ofxTween\src\Easings\ofxEasingSine.cpp">
      <Filter>addons\ofxTween\src\Easings</Filter>
    </ClCompile>
    <ClCompile Include="..\..\..\addons\ofxTween\src\ofxTween.cpp">
      <Filter>addons\ofxTween\src</Filter>
    </ClCompile>
    <ClCompile Include="src\ScreenLabPortrait.cpp">
      <Filter>src</Filter>
    </ClCompile>
    <ClCompile Include="..\..\..\addons\ofxSubtitles\src\ofxSubtitles.cpp">
      <Filter>addons\ofxSubtitles\src</Filter>
    </ClCompile>
    <ClCompile Include="..\..\..\addons\ofxSubtitles\src\ofxSubtitleUnit.cpp">
      <Filter>addons\ofxSubtitles\src</Filter>
    </ClCompile>
    <ClCompile Include="..\..\..\addons\ofxCameraTrack\src\ofxCameraTrack.cpp">
      <Filter>addons\ofxCameraTrack\src</Filter>
    </ClCompile>
  </ItemGroup>
  <ItemGroup>
    <Filter Include="src">
      <UniqueIdentifier>{d8376475-7454-4a24-b08a-aac121d3ad6f}</UniqueIdentifier>
    </Filter>
    <Filter Include="addons">
      <UniqueIdentifier>{71834F65-F3A9-211E-73B8-DC85}</UniqueIdentifier>
    </Filter>
    <Filter Include="addons\ofxOpenCv">
      <UniqueIdentifier>{FFA81411-43B9-BD99-75AF-1DC3}</UniqueIdentifier>
    </Filter>
    <Filter Include="addons\ofxOpenCv\src">
      <UniqueIdentifier>{00DE84A0-C30B-9800-5466-EA40}</UniqueIdentifier>
    </Filter>
    <Filter Include="addons\ofxOpenCv\libs">
      <UniqueIdentifier>{EFE72F22-7F5A-0F39-EC5E-1382}</UniqueIdentifier>
    </Filter>
    <Filter Include="addons\ofxOpenCv\libs\opencv">
      <UniqueIdentifier>{0391AB06-09E3-B0B3-3E3B-A02B}</UniqueIdentifier>
    </Filter>
    <Filter Include="addons\ofxOpenCv\libs\opencv\include">
      <UniqueIdentifier>{18BB18A3-47A8-9F08-1A3F-16FC}</UniqueIdentifier>
    </Filter>
    <Filter Include="addons\ofxOpenCv\libs\opencv\include\opencv">
      <UniqueIdentifier>{C867B0DE-B007-11B8-C182-5344}</UniqueIdentifier>
    </Filter>
    <Filter Include="addons\ofxOpenCv\libs\opencv\include\opencv2">
      <UniqueIdentifier>{BCD8ABD4-43E3-302D-A2D3-9FE1}</UniqueIdentifier>
    </Filter>
    <Filter Include="addons\ofxOpenCv\libs\opencv\include\opencv2\calib3d">
      <UniqueIdentifier>{E7CFFFA1-9DFA-D919-100C-FDAA}</UniqueIdentifier>
    </Filter>
    <Filter Include="addons\ofxOpenCv\libs\opencv\include\opencv2\contrib">
      <UniqueIdentifier>{776C25CB-CD33-75A7-DF99-B8C6}</UniqueIdentifier>
    </Filter>
    <Filter Include="addons\ofxOpenCv\libs\opencv\include\opencv2\core">
      <UniqueIdentifier>{2ABB36D0-FBE0-DD47-75A8-5882}</UniqueIdentifier>
    </Filter>
    <Filter Include="addons\ofxOpenCv\libs\opencv\include\opencv2\features2d">
      <UniqueIdentifier>{FFED61A2-DA84-E61F-DAA8-23D8}</UniqueIdentifier>
    </Filter>
    <Filter Include="addons\ofxOpenCv\libs\opencv\include\opencv2\flann">
      <UniqueIdentifier>{35E18472-D925-59BD-12EF-E1E6}</UniqueIdentifier>
    </Filter>
    <Filter Include="addons\ofxOpenCv\libs\opencv\include\opencv2\gpu">
      <UniqueIdentifier>{82D85C2C-89A0-69CF-61C4-9983}</UniqueIdentifier>
    </Filter>
    <Filter Include="addons\ofxOpenCv\libs\opencv\include\opencv2\highgui">
      <UniqueIdentifier>{C5146E31-2B8E-4299-4FB2-2347}</UniqueIdentifier>
    </Filter>
    <Filter Include="addons\ofxOpenCv\libs\opencv\include\opencv2\imgproc">
      <UniqueIdentifier>{E61CD652-51B9-BCE9-A2EB-3331}</UniqueIdentifier>
    </Filter>
    <Filter Include="addons\ofxOpenCv\libs\opencv\include\opencv2\legacy">
      <UniqueIdentifier>{4588FFD4-3240-6021-CF1C-66D1}</UniqueIdentifier>
    </Filter>
    <Filter Include="addons\ofxOpenCv\libs\opencv\include\opencv2\ml">
      <UniqueIdentifier>{C217A119-B337-C774-4EDA-1ACC}</UniqueIdentifier>
    </Filter>
    <Filter Include="addons\ofxOpenCv\libs\opencv\include\opencv2\objdetect">
      <UniqueIdentifier>{D1260DF5-DCB4-6729-CD66-ED90}</UniqueIdentifier>
    </Filter>
    <Filter Include="addons\ofxOpenCv\libs\opencv\include\opencv2\ts">
      <UniqueIdentifier>{AA1539ED-A548-EDA6-1094-37FD}</UniqueIdentifier>
    </Filter>
    <Filter Include="addons\ofxOpenCv\libs\opencv\include\opencv2\video">
      <UniqueIdentifier>{61E04F54-C77F-B674-C2AB-FEC2}</UniqueIdentifier>
    </Filter>
    <Filter Include="addons\ofxXmlSettings">
      <UniqueIdentifier>{877F005D-13E6-0592-1D97-F2E3}</UniqueIdentifier>
    </Filter>
    <Filter Include="addons\ofxXmlSettings\src">
      <UniqueIdentifier>{CCB2AC63-49D2-977C-CFE8-AEAD}</UniqueIdentifier>
    </Filter>
    <Filter Include="addons\ofxXmlSettings\libs">
      <UniqueIdentifier>{687714A8-1662-FA1C-261F-50F0}</UniqueIdentifier>
    </Filter>
    <Filter Include="addons\ofxCv">
      <UniqueIdentifier>{A9C1150B-C1CB-2BC0-0F32-ED3B}</UniqueIdentifier>
    </Filter>
    <Filter Include="addons\ofxCv\src">
      <UniqueIdentifier>{6B661273-844D-D754-F98D-C3B1}</UniqueIdentifier>
    </Filter>
    <Filter Include="addons\ofxCv\libs">
      <UniqueIdentifier>{2D63E874-134A-C540-1157-C931}</UniqueIdentifier>
    </Filter>
    <Filter Include="addons\ofxCv\libs\ofxCv">
      <UniqueIdentifier>{9104DB86-FB76-46B8-7315-E1A9}</UniqueIdentifier>
    </Filter>
    <Filter Include="addons\ofxCv\libs\ofxCv\include">
      <UniqueIdentifier>{80CEBD8F-DC90-1D69-BBF7-093D}</UniqueIdentifier>
    </Filter>
    <Filter Include="addons\ofxCv\libs\ofxCv\include\ofxCv">
      <UniqueIdentifier>{76E26063-B359-0A22-CC92-6F5B}</UniqueIdentifier>
    </Filter>
    <Filter Include="addons\ofxCv\libs\ofxCv\src">
      <UniqueIdentifier>{D4F40DFE-7BFE-9E37-3B94-006C}</UniqueIdentifier>
    </Filter>
    <Filter Include="addons\ofxGameCamera">
      <UniqueIdentifier>{8C084DFA-31AE-C9E8-4B85-12C4}</UniqueIdentifier>
    </Filter>
    <Filter Include="addons\ofxGameCamera\src">
      <UniqueIdentifier>{7B38B4F7-016E-1F8A-DA9A-BB61}</UniqueIdentifier>
    </Filter>
    <Filter Include="addons\ofxMSATimer">
      <UniqueIdentifier>{FA2C7F81-95AD-913A-95EE-6D67}</UniqueIdentifier>
    </Filter>
    <Filter Include="addons\ofxMSATimer\src">
      <UniqueIdentifier>{21227B69-34BA-DC94-65C0-E080}</UniqueIdentifier>
    </Filter>
    <Filter Include="addons\ofxRange">
      <UniqueIdentifier>{C5CF358F-F6D6-0F61-5433-25F1}</UniqueIdentifier>
    </Filter>
    <Filter Include="addons\ofxRange\src">
      <UniqueIdentifier>{AFEE1AF4-3BE7-35E2-F89C-FEB8}</UniqueIdentifier>
    </Filter>
    <Filter Include="addons\ofxRGBDepth">
      <UniqueIdentifier>{C2BE4E10-7D50-88C8-1B50-83C5}</UniqueIdentifier>
    </Filter>
    <Filter Include="addons\ofxRGBDepth\src">
      <UniqueIdentifier>{C774E609-5D12-2B84-2F6E-1CDA}</UniqueIdentifier>
    </Filter>
    <Filter Include="addons\ofxTextInputField">
      <UniqueIdentifier>{A4B02712-30E4-B504-C110-2C93}</UniqueIdentifier>
    </Filter>
    <Filter Include="addons\ofxTextInputField\src">
      <UniqueIdentifier>{B67AFC83-AF32-6FE3-281F-AC21}</UniqueIdentifier>
    </Filter>
    <Filter Include="addons\ofxTimecode">
      <UniqueIdentifier>{1B5CD1F2-714C-1A5F-97D0-2F97}</UniqueIdentifier>
    </Filter>
    <Filter Include="addons\ofxTimecode\src">
      <UniqueIdentifier>{1E8626D6-B6A0-D240-F534-C5E8}</UniqueIdentifier>
    </Filter>
    <Filter Include="addons\ofxTimeline">
      <UniqueIdentifier>{B6CB78C7-BC44-AD08-8E43-896C}</UniqueIdentifier>
    </Filter>
    <Filter Include="addons\ofxTimeline\src">
      <UniqueIdentifier>{AC132E01-0F0D-5FF9-8D64-8DAD}</UniqueIdentifier>
    </Filter>
    <Filter Include="addons\ofxTween">
      <UniqueIdentifier>{8A8810E8-A79D-7A1D-2F0A-7203}</UniqueIdentifier>
    </Filter>
    <Filter Include="addons\ofxTween\src">
      <UniqueIdentifier>{40AC4B42-6A5A-9537-EB82-D1B8}</UniqueIdentifier>
    </Filter>
    <Filter Include="addons\ofxTween\src\Easings">
      <UniqueIdentifier>{EF0F6A8B-B04F-E782-21EF-D4BA}</UniqueIdentifier>
    </Filter>
    <Filter Include="addons\ofxSubtitles">
      <UniqueIdentifier>{5b676c79-5711-41aa-848d-046708f40773}</UniqueIdentifier>
    </Filter>
    <Filter Include="addons\ofxSubtitles\src">
      <UniqueIdentifier>{b1e98bd9-c5dd-46ec-ba01-5039f9e22311}</UniqueIdentifier>
    </Filter>
    <Filter Include="addons\ofxCameraTrack">
      <UniqueIdentifier>{f4470ca7-ab44-4f74-9360-14a70344eb7d}</UniqueIdentifier>
    </Filter>
    <Filter Include="addons\ofxCameraTrack\src">
      <UniqueIdentifier>{9277be3c-9e08-4d83-98cb-79cbdc99db86}</UniqueIdentifier>
    </Filter>
  </ItemGroup>
  <ItemGroup>
    <ClInclude Include="src\testApp.h">
      <Filter>src</Filter>
    </ClInclude>
    <ClInclude Include="src\testApp.h">
      <Filter>src</Filter>
    </ClInclude>
    <ClInclude Include="..\..\..\addons\ofxOpenCv\src\ofxCvBlob.h">
      <Filter>addons\ofxOpenCv\src</Filter>
    </ClInclude>
    <ClInclude Include="..\..\..\addons\ofxOpenCv\src\ofxCvColorImage.h">
      <Filter>addons\ofxOpenCv\src</Filter>
    </ClInclude>
    <ClInclude Include="..\..\..\addons\ofxOpenCv\src\ofxCvConstants.h">
      <Filter>addons\ofxOpenCv\src</Filter>
    </ClInclude>
    <ClInclude Include="..\..\..\addons\ofxOpenCv\src\ofxCvContourFinder.h">
      <Filter>addons\ofxOpenCv\src</Filter>
    </ClInclude>
    <ClInclude Include="..\..\..\addons\ofxOpenCv\src\ofxCvFloatImage.h">
      <Filter>addons\ofxOpenCv\src</Filter>
    </ClInclude>
    <ClInclude Include="..\..\..\addons\ofxOpenCv\src\ofxCvGrayscaleImage.h">
      <Filter>addons\ofxOpenCv\src</Filter>
    </ClInclude>
    <ClInclude Include="..\..\..\addons\ofxOpenCv\src\ofxCvHaarFinder.h">
      <Filter>addons\ofxOpenCv\src</Filter>
    </ClInclude>
    <ClInclude Include="..\..\..\addons\ofxOpenCv\src\ofxCvImage.h">
      <Filter>addons\ofxOpenCv\src</Filter>
    </ClInclude>
    <ClInclude Include="..\..\..\addons\ofxOpenCv\src\ofxCvMain.h">
      <Filter>addons\ofxOpenCv\src</Filter>
    </ClInclude>
    <ClInclude Include="..\..\..\addons\ofxOpenCv\src\ofxCvShortImage.h">
      <Filter>addons\ofxOpenCv\src</Filter>
    </ClInclude>
    <ClInclude Include="..\..\..\addons\ofxOpenCv\src\ofxOpenCv.h">
      <Filter>addons\ofxOpenCv\src</Filter>
    </ClInclude>
    <ClInclude Include="..\..\..\addons\ofxOpenCv\libs\opencv\include\opencv\cv.h">
      <Filter>addons\ofxOpenCv\libs\opencv\include\opencv</Filter>
    </ClInclude>
    <ClInclude Include="..\..\..\addons\ofxOpenCv\libs\opencv\include\opencv\cv.hpp">
      <Filter>addons\ofxOpenCv\libs\opencv\include\opencv</Filter>
    </ClInclude>
    <ClInclude Include="..\..\..\addons\ofxOpenCv\libs\opencv\include\opencv\cvaux.h">
      <Filter>addons\ofxOpenCv\libs\opencv\include\opencv</Filter>
    </ClInclude>
    <ClInclude Include="..\..\..\addons\ofxOpenCv\libs\opencv\include\opencv\cvaux.hpp">
      <Filter>addons\ofxOpenCv\libs\opencv\include\opencv</Filter>
    </ClInclude>
    <ClInclude Include="..\..\..\addons\ofxOpenCv\libs\opencv\include\opencv\cvwimage.h">
      <Filter>addons\ofxOpenCv\libs\opencv\include\opencv</Filter>
    </ClInclude>
    <ClInclude Include="..\..\..\addons\ofxOpenCv\libs\opencv\include\opencv\cxcore.h">
      <Filter>addons\ofxOpenCv\libs\opencv\include\opencv</Filter>
    </ClInclude>
    <ClInclude Include="..\..\..\addons\ofxOpenCv\libs\opencv\include\opencv\cxcore.hpp">
      <Filter>addons\ofxOpenCv\libs\opencv\include\opencv</Filter>
    </ClInclude>
    <ClInclude Include="..\..\..\addons\ofxOpenCv\libs\opencv\include\opencv\cxeigen.hpp">
      <Filter>addons\ofxOpenCv\libs\opencv\include\opencv</Filter>
    </ClInclude>
    <ClInclude Include="..\..\..\addons\ofxOpenCv\libs\opencv\include\opencv\cxmisc.h">
      <Filter>addons\ofxOpenCv\libs\opencv\include\opencv</Filter>
    </ClInclude>
    <ClInclude Include="..\..\..\addons\ofxOpenCv\libs\opencv\include\opencv\highgui.h">
      <Filter>addons\ofxOpenCv\libs\opencv\include\opencv</Filter>
    </ClInclude>
    <ClInclude Include="..\..\..\addons\ofxOpenCv\libs\opencv\include\opencv\ml.h">
      <Filter>addons\ofxOpenCv\libs\opencv\include\opencv</Filter>
    </ClInclude>
    <ClInclude Include="..\..\..\addons\ofxOpenCv\libs\opencv\include\opencv2\calib3d\calib3d.hpp">
      <Filter>addons\ofxOpenCv\libs\opencv\include\opencv2\calib3d</Filter>
    </ClInclude>
    <ClInclude Include="..\..\..\addons\ofxOpenCv\libs\opencv\include\opencv2\contrib\contrib.hpp">
      <Filter>addons\ofxOpenCv\libs\opencv\include\opencv2\contrib</Filter>
    </ClInclude>
    <ClInclude Include="..\..\..\addons\ofxOpenCv\libs\opencv\include\opencv2\contrib\retina.hpp">
      <Filter>addons\ofxOpenCv\libs\opencv\include\opencv2\contrib</Filter>
    </ClInclude>
    <ClInclude Include="..\..\..\addons\ofxOpenCv\libs\opencv\include\opencv2\core\core.hpp">
      <Filter>addons\ofxOpenCv\libs\opencv\include\opencv2\core</Filter>
    </ClInclude>
    <ClInclude Include="..\..\..\addons\ofxOpenCv\libs\opencv\include\opencv2\core\core_c.h">
      <Filter>addons\ofxOpenCv\libs\opencv\include\opencv2\core</Filter>
    </ClInclude>
    <ClInclude Include="..\..\..\addons\ofxOpenCv\libs\opencv\include\opencv2\core\eigen.hpp">
      <Filter>addons\ofxOpenCv\libs\opencv\include\opencv2\core</Filter>
    </ClInclude>
    <ClInclude Include="..\..\..\addons\ofxOpenCv\libs\opencv\include\opencv2\core\internal.hpp">
      <Filter>addons\ofxOpenCv\libs\opencv\include\opencv2\core</Filter>
    </ClInclude>
    <ClInclude Include="..\..\..\addons\ofxOpenCv\libs\opencv\include\opencv2\core\mat.hpp">
      <Filter>addons\ofxOpenCv\libs\opencv\include\opencv2\core</Filter>
    </ClInclude>
    <ClInclude Include="..\..\..\addons\ofxOpenCv\libs\opencv\include\opencv2\core\operations.hpp">
      <Filter>addons\ofxOpenCv\libs\opencv\include\opencv2\core</Filter>
    </ClInclude>
    <ClInclude Include="..\..\..\addons\ofxOpenCv\libs\opencv\include\opencv2\core\types_c.h">
      <Filter>addons\ofxOpenCv\libs\opencv\include\opencv2\core</Filter>
    </ClInclude>
    <ClInclude Include="..\..\..\addons\ofxOpenCv\libs\opencv\include\opencv2\core\version.hpp">
      <Filter>addons\ofxOpenCv\libs\opencv\include\opencv2\core</Filter>
    </ClInclude>
    <ClInclude Include="..\..\..\addons\ofxOpenCv\libs\opencv\include\opencv2\core\wimage.hpp">
      <Filter>addons\ofxOpenCv\libs\opencv\include\opencv2\core</Filter>
    </ClInclude>
    <ClInclude Include="..\..\..\addons\ofxOpenCv\libs\opencv\include\opencv2\features2d\features2d.hpp">
      <Filter>addons\ofxOpenCv\libs\opencv\include\opencv2\features2d</Filter>
    </ClInclude>
    <ClInclude Include="..\..\..\addons\ofxOpenCv\libs\opencv\include\opencv2\flann\allocator.h">
      <Filter>addons\ofxOpenCv\libs\opencv\include\opencv2\flann</Filter>
    </ClInclude>
    <ClInclude Include="..\..\..\addons\ofxOpenCv\libs\opencv\include\opencv2\flann\all_indices.h">
      <Filter>addons\ofxOpenCv\libs\opencv\include\opencv2\flann</Filter>
    </ClInclude>
    <ClInclude Include="..\..\..\addons\ofxOpenCv\libs\opencv\include\opencv2\flann\any.h">
      <Filter>addons\ofxOpenCv\libs\opencv\include\opencv2\flann</Filter>
    </ClInclude>
    <ClInclude Include="..\..\..\addons\ofxOpenCv\libs\opencv\include\opencv2\flann\autotuned_index.h">
      <Filter>addons\ofxOpenCv\libs\opencv\include\opencv2\flann</Filter>
    </ClInclude>
    <ClInclude Include="..\..\..\addons\ofxOpenCv\libs\opencv\include\opencv2\flann\composite_index.h">
      <Filter>addons\ofxOpenCv\libs\opencv\include\opencv2\flann</Filter>
    </ClInclude>
    <ClInclude Include="..\..\..\addons\ofxOpenCv\libs\opencv\include\opencv2\flann\config.h">
      <Filter>addons\ofxOpenCv\libs\opencv\include\opencv2\flann</Filter>
    </ClInclude>
    <ClInclude Include="..\..\..\addons\ofxOpenCv\libs\opencv\include\opencv2\flann\defines.h">
      <Filter>addons\ofxOpenCv\libs\opencv\include\opencv2\flann</Filter>
    </ClInclude>
    <ClInclude Include="..\..\..\addons\ofxOpenCv\libs\opencv\include\opencv2\flann\dist.h">
      <Filter>addons\ofxOpenCv\libs\opencv\include\opencv2\flann</Filter>
    </ClInclude>
    <ClInclude Include="..\..\..\addons\ofxOpenCv\libs\opencv\include\opencv2\flann\dummy.h">
      <Filter>addons\ofxOpenCv\libs\opencv\include\opencv2\flann</Filter>
    </ClInclude>
    <ClInclude Include="..\..\..\addons\ofxOpenCv\libs\opencv\include\opencv2\flann\dynamic_bitset.h">
      <Filter>addons\ofxOpenCv\libs\opencv\include\opencv2\flann</Filter>
    </ClInclude>
    <ClInclude Include="..\..\..\addons\ofxOpenCv\libs\opencv\include\opencv2\flann\flann.hpp">
      <Filter>addons\ofxOpenCv\libs\opencv\include\opencv2\flann</Filter>
    </ClInclude>
    <ClInclude Include="..\..\..\addons\ofxOpenCv\libs\opencv\include\opencv2\flann\flann_base.hpp">
      <Filter>addons\ofxOpenCv\libs\opencv\include\opencv2\flann</Filter>
    </ClInclude>
    <ClInclude Include="..\..\..\addons\ofxOpenCv\libs\opencv\include\opencv2\flann\general.h">
      <Filter>addons\ofxOpenCv\libs\opencv\include\opencv2\flann</Filter>
    </ClInclude>
    <ClInclude Include="..\..\..\addons\ofxOpenCv\libs\opencv\include\opencv2\flann\ground_truth.h">
      <Filter>addons\ofxOpenCv\libs\opencv\include\opencv2\flann</Filter>
    </ClInclude>
    <ClInclude Include="..\..\..\addons\ofxOpenCv\libs\opencv\include\opencv2\flann\hdf5.h">
      <Filter>addons\ofxOpenCv\libs\opencv\include\opencv2\flann</Filter>
    </ClInclude>
    <ClInclude Include="..\..\..\addons\ofxOpenCv\libs\opencv\include\opencv2\flann\heap.h">
      <Filter>addons\ofxOpenCv\libs\opencv\include\opencv2\flann</Filter>
    </ClInclude>
    <ClInclude Include="..\..\..\addons\ofxOpenCv\libs\opencv\include\opencv2\flann\hierarchical_clustering_index.h">
      <Filter>addons\ofxOpenCv\libs\opencv\include\opencv2\flann</Filter>
    </ClInclude>
    <ClInclude Include="..\..\..\addons\ofxOpenCv\libs\opencv\include\opencv2\flann\index_testing.h">
      <Filter>addons\ofxOpenCv\libs\opencv\include\opencv2\flann</Filter>
    </ClInclude>
    <ClInclude Include="..\..\..\addons\ofxOpenCv\libs\opencv\include\opencv2\flann\kdtree_index.h">
      <Filter>addons\ofxOpenCv\libs\opencv\include\opencv2\flann</Filter>
    </ClInclude>
    <ClInclude Include="..\..\..\addons\ofxOpenCv\libs\opencv\include\opencv2\flann\kdtree_single_index.h">
      <Filter>addons\ofxOpenCv\libs\opencv\include\opencv2\flann</Filter>
    </ClInclude>
    <ClInclude Include="..\..\..\addons\ofxOpenCv\libs\opencv\include\opencv2\flann\kmeans_index.h">
      <Filter>addons\ofxOpenCv\libs\opencv\include\opencv2\flann</Filter>
    </ClInclude>
    <ClInclude Include="..\..\..\addons\ofxOpenCv\libs\opencv\include\opencv2\flann\linear_index.h">
      <Filter>addons\ofxOpenCv\libs\opencv\include\opencv2\flann</Filter>
    </ClInclude>
    <ClInclude Include="..\..\..\addons\ofxOpenCv\libs\opencv\include\opencv2\flann\logger.h">
      <Filter>addons\ofxOpenCv\libs\opencv\include\opencv2\flann</Filter>
    </ClInclude>
    <ClInclude Include="..\..\..\addons\ofxOpenCv\libs\opencv\include\opencv2\flann\lsh_index.h">
      <Filter>addons\ofxOpenCv\libs\opencv\include\opencv2\flann</Filter>
    </ClInclude>
    <ClInclude Include="..\..\..\addons\ofxOpenCv\libs\opencv\include\opencv2\flann\lsh_table.h">
      <Filter>addons\ofxOpenCv\libs\opencv\include\opencv2\flann</Filter>
    </ClInclude>
    <ClInclude Include="..\..\..\addons\ofxOpenCv\libs\opencv\include\opencv2\flann\matrix.h">
      <Filter>addons\ofxOpenCv\libs\opencv\include\opencv2\flann</Filter>
    </ClInclude>
    <ClInclude Include="..\..\..\addons\ofxOpenCv\libs\opencv\include\opencv2\flann\miniflann.hpp">
      <Filter>addons\ofxOpenCv\libs\opencv\include\opencv2\flann</Filter>
    </ClInclude>
    <ClInclude Include="..\..\..\addons\ofxOpenCv\libs\opencv\include\opencv2\flann\nn_index.h">
      <Filter>addons\ofxOpenCv\libs\opencv\include\opencv2\flann</Filter>
    </ClInclude>
    <ClInclude Include="..\..\..\addons\ofxOpenCv\libs\opencv\include\opencv2\flann\object_factory.h">
      <Filter>addons\ofxOpenCv\libs\opencv\include\opencv2\flann</Filter>
    </ClInclude>
    <ClInclude Include="..\..\..\addons\ofxOpenCv\libs\opencv\include\opencv2\flann\params.h">
      <Filter>addons\ofxOpenCv\libs\opencv\include\opencv2\flann</Filter>
    </ClInclude>
    <ClInclude Include="..\..\..\addons\ofxOpenCv\libs\opencv\include\opencv2\flann\random.h">
      <Filter>addons\ofxOpenCv\libs\opencv\include\opencv2\flann</Filter>
    </ClInclude>
    <ClInclude Include="..\..\..\addons\ofxOpenCv\libs\opencv\include\opencv2\flann\result_set.h">
      <Filter>addons\ofxOpenCv\libs\opencv\include\opencv2\flann</Filter>
    </ClInclude>
    <ClInclude Include="..\..\..\addons\ofxOpenCv\libs\opencv\include\opencv2\flann\sampling.h">
      <Filter>addons\ofxOpenCv\libs\opencv\include\opencv2\flann</Filter>
    </ClInclude>
    <ClInclude Include="..\..\..\addons\ofxOpenCv\libs\opencv\include\opencv2\flann\saving.h">
      <Filter>addons\ofxOpenCv\libs\opencv\include\opencv2\flann</Filter>
    </ClInclude>
    <ClInclude Include="..\..\..\addons\ofxOpenCv\libs\opencv\include\opencv2\flann\simplex_downhill.h">
      <Filter>addons\ofxOpenCv\libs\opencv\include\opencv2\flann</Filter>
    </ClInclude>
    <ClInclude Include="..\..\..\addons\ofxOpenCv\libs\opencv\include\opencv2\flann\timer.h">
      <Filter>addons\ofxOpenCv\libs\opencv\include\opencv2\flann</Filter>
    </ClInclude>
    <ClInclude Include="..\..\..\addons\ofxOpenCv\libs\opencv\include\opencv2\gpu\devmem2d.hpp">
      <Filter>addons\ofxOpenCv\libs\opencv\include\opencv2\gpu</Filter>
    </ClInclude>
    <ClInclude Include="..\..\..\addons\ofxOpenCv\libs\opencv\include\opencv2\gpu\gpu.hpp">
      <Filter>addons\ofxOpenCv\libs\opencv\include\opencv2\gpu</Filter>
    </ClInclude>
    <ClInclude Include="..\..\..\addons\ofxOpenCv\libs\opencv\include\opencv2\gpu\gpumat.hpp">
      <Filter>addons\ofxOpenCv\libs\opencv\include\opencv2\gpu</Filter>
    </ClInclude>
    <ClInclude Include="..\..\..\addons\ofxOpenCv\libs\opencv\include\opencv2\gpu\matrix_operations.hpp">
      <Filter>addons\ofxOpenCv\libs\opencv\include\opencv2\gpu</Filter>
    </ClInclude>
    <ClInclude Include="..\..\..\addons\ofxOpenCv\libs\opencv\include\opencv2\gpu\stream_accessor.hpp">
      <Filter>addons\ofxOpenCv\libs\opencv\include\opencv2\gpu</Filter>
    </ClInclude>
    <ClInclude Include="..\..\..\addons\ofxOpenCv\libs\opencv\include\opencv2\highgui\highgui.hpp">
      <Filter>addons\ofxOpenCv\libs\opencv\include\opencv2\highgui</Filter>
    </ClInclude>
    <ClInclude Include="..\..\..\addons\ofxOpenCv\libs\opencv\include\opencv2\highgui\highgui_c.h">
      <Filter>addons\ofxOpenCv\libs\opencv\include\opencv2\highgui</Filter>
    </ClInclude>
    <ClInclude Include="..\..\..\addons\ofxOpenCv\libs\opencv\include\opencv2\imgproc\imgproc.hpp">
      <Filter>addons\ofxOpenCv\libs\opencv\include\opencv2\imgproc</Filter>
    </ClInclude>
    <ClInclude Include="..\..\..\addons\ofxOpenCv\libs\opencv\include\opencv2\imgproc\imgproc_c.h">
      <Filter>addons\ofxOpenCv\libs\opencv\include\opencv2\imgproc</Filter>
    </ClInclude>
    <ClInclude Include="..\..\..\addons\ofxOpenCv\libs\opencv\include\opencv2\imgproc\types_c.h">
      <Filter>addons\ofxOpenCv\libs\opencv\include\opencv2\imgproc</Filter>
    </ClInclude>
    <ClInclude Include="..\..\..\addons\ofxOpenCv\libs\opencv\include\opencv2\legacy\blobtrack.hpp">
      <Filter>addons\ofxOpenCv\libs\opencv\include\opencv2\legacy</Filter>
    </ClInclude>
    <ClInclude Include="..\..\..\addons\ofxOpenCv\libs\opencv\include\opencv2\legacy\compat.hpp">
      <Filter>addons\ofxOpenCv\libs\opencv\include\opencv2\legacy</Filter>
    </ClInclude>
    <ClInclude Include="..\..\..\addons\ofxOpenCv\libs\opencv\include\opencv2\legacy\legacy.hpp">
      <Filter>addons\ofxOpenCv\libs\opencv\include\opencv2\legacy</Filter>
    </ClInclude>
    <ClInclude Include="..\..\..\addons\ofxOpenCv\libs\opencv\include\opencv2\legacy\streams.hpp">
      <Filter>addons\ofxOpenCv\libs\opencv\include\opencv2\legacy</Filter>
    </ClInclude>
    <ClInclude Include="..\..\..\addons\ofxOpenCv\libs\opencv\include\opencv2\ml\ml.hpp">
      <Filter>addons\ofxOpenCv\libs\opencv\include\opencv2\ml</Filter>
    </ClInclude>
    <ClInclude Include="..\..\..\addons\ofxOpenCv\libs\opencv\include\opencv2\objdetect\objdetect.hpp">
      <Filter>addons\ofxOpenCv\libs\opencv\include\opencv2\objdetect</Filter>
    </ClInclude>
    <ClInclude Include="..\..\..\addons\ofxOpenCv\libs\opencv\include\opencv2\opencv.hpp">
      <Filter>addons\ofxOpenCv\libs\opencv\include\opencv2</Filter>
    </ClInclude>
    <ClInclude Include="..\..\..\addons\ofxOpenCv\libs\opencv\include\opencv2\ts\ts.hpp">
      <Filter>addons\ofxOpenCv\libs\opencv\include\opencv2\ts</Filter>
    </ClInclude>
    <ClInclude Include="..\..\..\addons\ofxOpenCv\libs\opencv\include\opencv2\ts\ts_gtest.h">
      <Filter>addons\ofxOpenCv\libs\opencv\include\opencv2\ts</Filter>
    </ClInclude>
    <ClInclude Include="..\..\..\addons\ofxOpenCv\libs\opencv\include\opencv2\video\background_segm.hpp">
      <Filter>addons\ofxOpenCv\libs\opencv\include\opencv2\video</Filter>
    </ClInclude>
    <ClInclude Include="..\..\..\addons\ofxOpenCv\libs\opencv\include\opencv2\video\tracking.hpp">
      <Filter>addons\ofxOpenCv\libs\opencv\include\opencv2\video</Filter>
    </ClInclude>
    <ClInclude Include="..\..\..\addons\ofxOpenCv\libs\opencv\include\opencv2\video\video.hpp">
      <Filter>addons\ofxOpenCv\libs\opencv\include\opencv2\video</Filter>
    </ClInclude>
    <ClInclude Include="..\..\..\addons\ofxXmlSettings\src\ofxXmlSettings.h">
      <Filter>addons\ofxXmlSettings\src</Filter>
    </ClInclude>
    <ClInclude Include="..\..\..\addons\ofxXmlSettings\libs\tinyxml.h">
      <Filter>addons\ofxXmlSettings\libs</Filter>
    </ClInclude>
    <ClInclude Include="..\..\..\addons\ofxCv\src\ofxCv.h">
      <Filter>addons\ofxCv\src</Filter>
    </ClInclude>
    <ClInclude Include="..\..\..\addons\ofxCv\libs\ofxCv\include\ofxCv\Calibration.h">
      <Filter>addons\ofxCv\libs\ofxCv\include\ofxCv</Filter>
    </ClInclude>
    <ClInclude Include="..\..\..\addons\ofxCv\libs\ofxCv\include\ofxCv\ContourFinder.h">
      <Filter>addons\ofxCv\libs\ofxCv\include\ofxCv</Filter>
    </ClInclude>
    <ClInclude Include="..\..\..\addons\ofxCv\libs\ofxCv\include\ofxCv\Distance.h">
      <Filter>addons\ofxCv\libs\ofxCv\include\ofxCv</Filter>
    </ClInclude>
    <ClInclude Include="..\..\..\addons\ofxCv\libs\ofxCv\include\ofxCv\Flow.h">
      <Filter>addons\ofxCv\libs\ofxCv\include\ofxCv</Filter>
    </ClInclude>
    <ClInclude Include="..\..\..\addons\ofxCv\libs\ofxCv\include\ofxCv\Helpers.h">
      <Filter>addons\ofxCv\libs\ofxCv\include\ofxCv</Filter>
    </ClInclude>
    <ClInclude Include="..\..\..\addons\ofxCv\libs\ofxCv\include\ofxCv\RunningBackground.h">
      <Filter>addons\ofxCv\libs\ofxCv\include\ofxCv</Filter>
    </ClInclude>
    <ClInclude Include="..\..\..\addons\ofxCv\libs\ofxCv\include\ofxCv\Tracker.h">
      <Filter>addons\ofxCv\libs\ofxCv\include\ofxCv</Filter>
    </ClInclude>
    <ClInclude Include="..\..\..\addons\ofxCv\libs\ofxCv\include\ofxCv\Utilities.h">
      <Filter>addons\ofxCv\libs\ofxCv\include\ofxCv</Filter>
    </ClInclude>
    <ClInclude Include="..\..\..\addons\ofxCv\libs\ofxCv\include\ofxCv\Wrappers.h">
      <Filter>addons\ofxCv\libs\ofxCv\include\ofxCv</Filter>
    </ClInclude>
    <ClInclude Include="..\..\..\addons\ofxGameCamera\src\ofxGameCamera.h">
      <Filter>addons\ofxGameCamera\src</Filter>
    </ClInclude>
    <ClInclude Include="..\..\..\addons\ofxMSATimer\src\ofxMSATimer.h">
      <Filter>addons\ofxMSATimer\src</Filter>
    </ClInclude>
    <ClInclude Include="..\..\..\addons\ofxRange\src\ofRange.h">
      <Filter>addons\ofxRange\src</Filter>
    </ClInclude>
    <ClInclude Include="..\..\..\addons\ofxRGBDepth\src\ofxDepthHoleFiller.h">
      <Filter>addons\ofxRGBDepth\src</Filter>
    </ClInclude>
    <ClInclude Include="..\..\..\addons\ofxRGBDepth\src\ofxDepthImageCompressor.h">
      <Filter>addons\ofxRGBDepth\src</Filter>
    </ClInclude>
    <ClInclude Include="..\..\..\addons\ofxRGBDepth\src\ofxDepthImageProvider.h">
      <Filter>addons\ofxRGBDepth\src</Filter>
    </ClInclude>
    <ClInclude Include="..\..\..\addons\ofxRGBDepth\src\ofxDepthImageSequence.h">
      <Filter>addons\ofxRGBDepth\src</Filter>
    </ClInclude>
    <ClInclude Include="..\..\..\addons\ofxRGBDepth\src\ofxRGBDCPURenderer.h">
      <Filter>addons\ofxRGBDepth\src</Filter>
    </ClInclude>
    <ClInclude Include="..\..\..\addons\ofxRGBDepth\src\ofxRGBDGPURenderer.h">
      <Filter>addons\ofxRGBDepth\src</Filter>
    </ClInclude>
    <ClInclude Include="..\..\..\addons\ofxRGBDepth\src\ofxRGBDPlayer.h">
      <Filter>addons\ofxRGBDepth\src</Filter>
    </ClInclude>
    <ClInclude Include="..\..\..\addons\ofxRGBDepth\src\ofxRGBDRenderer.h">
      <Filter>addons\ofxRGBDepth\src</Filter>
    </ClInclude>
    <ClInclude Include="..\..\..\addons\ofxRGBDepth\src\ofxRGBDScene.h">
      <Filter>addons\ofxRGBDepth\src</Filter>
    </ClInclude>
    <ClInclude Include="..\..\..\addons\ofxRGBDepth\src\ofxRGBDVideoDepthSequence.h">
      <Filter>addons\ofxRGBDepth\src</Filter>
    </ClInclude>
    <ClInclude Include="..\..\..\addons\ofxTextInputField\src\ofxTextInputField.h">
      <Filter>addons\ofxTextInputField\src</Filter>
    </ClInclude>
    <ClInclude Include="..\..\..\addons\ofxTextInputField\src\ofxTextInputFieldFontRenderer.h">
      <Filter>addons\ofxTextInputField\src</Filter>
    </ClInclude>
    <ClInclude Include="..\..\..\addons\ofxTimecode\src\ofxTimecode.h">
      <Filter>addons\ofxTimecode\src</Filter>
    </ClInclude>
    <ClInclude Include="..\..\..\addons\ofxTimeline\src\ofxHotKeys.h">
      <Filter>addons\ofxTimeline\src</Filter>
    </ClInclude>
    <ClInclude Include="..\..\..\addons\ofxTimeline\src\ofxRemoveCocoaMenu.h">
      <Filter>addons\ofxTimeline\src</Filter>
    </ClInclude>
    <ClInclude Include="..\..\..\addons\ofxTimeline\src\ofxTimeline.h">
      <Filter>addons\ofxTimeline\src</Filter>
    </ClInclude>
    <ClInclude Include="..\..\..\addons\ofxTimeline\src\ofxTLBangs.h">
      <Filter>addons\ofxTimeline\src</Filter>
    </ClInclude>
    <ClInclude Include="..\..\..\addons\ofxTimeline\src\ofxTLCameraTrack.h">
      <Filter>addons\ofxTimeline\src</Filter>
    </ClInclude>
    <ClInclude Include="..\..\..\addons\ofxTimeline\src\ofxTLColors.h">
      <Filter>addons\ofxTimeline\src</Filter>
    </ClInclude>
    <ClInclude Include="..\..\..\addons\ofxTimeline\src\ofxTLColorTrack.h">
      <Filter>addons\ofxTimeline\src</Filter>
    </ClInclude>
    <ClInclude Include="..\..\..\addons\ofxTimeline\src\ofxTLCurves.h">
      <Filter>addons\ofxTimeline\src</Filter>
    </ClInclude>
    <ClInclude Include="..\..\..\addons\ofxTimeline\src\ofxTLEmptyKeyframes.h">
      <Filter>addons\ofxTimeline\src</Filter>
    </ClInclude>
    <ClInclude Include="..\..\..\addons\ofxTimeline\src\ofxTLEmptyTrack.h">
      <Filter>addons\ofxTimeline\src</Filter>
    </ClInclude>
    <ClInclude Include="..\..\..\addons\ofxTimeline\src\ofxTLEvents.h">
      <Filter>addons\ofxTimeline\src</Filter>
    </ClInclude>
    <ClInclude Include="..\..\..\addons\ofxTimeline\src\ofxTLFlags.h">
      <Filter>addons\ofxTimeline\src</Filter>
    </ClInclude>
    <ClInclude Include="..\..\..\addons\ofxTimeline\src\ofxTLImageSequence.h">
      <Filter>addons\ofxTimeline\src</Filter>
    </ClInclude>
    <ClInclude Include="..\..\..\addons\ofxTimeline\src\ofxTLImageSequenceFrame.h">
      <Filter>addons\ofxTimeline\src</Filter>
    </ClInclude>
    <ClInclude Include="..\..\..\addons\ofxTimeline\src\ofxTLImageTrack.h">
      <Filter>addons\ofxTimeline\src</Filter>
    </ClInclude>
    <ClInclude Include="..\..\..\addons\ofxTimeline\src\ofxTLInOut.h">
      <Filter>addons\ofxTimeline\src</Filter>
    </ClInclude>
    <ClInclude Include="..\..\..\addons\ofxTimeline\src\ofxTLKeyframes.h">
      <Filter>addons\ofxTimeline\src</Filter>
    </ClInclude>
    <ClInclude Include="..\..\..\addons\ofxTimeline\src\ofxTLLFO.h">
      <Filter>addons\ofxTimeline\src</Filter>
    </ClInclude>
    <ClInclude Include="..\..\..\addons\ofxTimeline\src\ofxTLPage.h">
      <Filter>addons\ofxTimeline\src</Filter>
    </ClInclude>
    <ClInclude Include="..\..\..\addons\ofxTimeline\src\ofxTLPageTabs.h">
      <Filter>addons\ofxTimeline\src</Filter>
    </ClInclude>
    <ClInclude Include="..\..\..\addons\ofxTimeline\src\ofxTLSwitches.h">
      <Filter>addons\ofxTimeline\src</Filter>
    </ClInclude>
    <ClInclude Include="..\..\..\addons\ofxTimeline\src\ofxTLTicker.h">
      <Filter>addons\ofxTimeline\src</Filter>
    </ClInclude>
    <ClInclude Include="..\..\..\addons\ofxTimeline\src\ofxTLTrack.h">
      <Filter>addons\ofxTimeline\src</Filter>
    </ClInclude>
    <ClInclude Include="..\..\..\addons\ofxTimeline\src\ofxTLTrackHeader.h">
      <Filter>addons\ofxTimeline\src</Filter>
    </ClInclude>
    <ClInclude Include="..\..\..\addons\ofxTimeline\src\ofxTLVideoThumb.h">
      <Filter>addons\ofxTimeline\src</Filter>
    </ClInclude>
    <ClInclude Include="..\..\..\addons\ofxTimeline\src\ofxTLVideoTrack.h">
      <Filter>addons\ofxTimeline\src</Filter>
    </ClInclude>
    <ClInclude Include="..\..\..\addons\ofxTimeline\src\ofxTLZoomer.h">
      <Filter>addons\ofxTimeline\src</Filter>
    </ClInclude>
    <ClInclude Include="..\..\..\addons\ofxTween\src\Easings\easing_terms_of_use.html">
      <Filter>addons\ofxTween\src\Easings</Filter>
    </ClInclude>
    <ClInclude Include="..\..\..\addons\ofxTween\src\Easings\ofxEasing.h">
      <Filter>addons\ofxTween\src\Easings</Filter>
    </ClInclude>
    <ClInclude Include="..\..\..\addons\ofxTween\src\Easings\ofxEasingBack.h">
      <Filter>addons\ofxTween\src\Easings</Filter>
    </ClInclude>
    <ClInclude Include="..\..\..\addons\ofxTween\src\Easings\ofxEasingBounce.h">
      <Filter>addons\ofxTween\src\Easings</Filter>
    </ClInclude>
    <ClInclude Include="..\..\..\addons\ofxTween\src\Easings\ofxEasingCirc.h">
      <Filter>addons\ofxTween\src\Easings</Filter>
    </ClInclude>
    <ClInclude Include="..\..\..\addons\ofxTween\src\Easings\ofxEasingCubic.h">
      <Filter>addons\ofxTween\src\Easings</Filter>
    </ClInclude>
    <ClInclude Include="..\..\..\addons\ofxTween\src\Easings\ofxEasingElastic.h">
      <Filter>addons\ofxTween\src\Easings</Filter>
    </ClInclude>
    <ClInclude Include="..\..\..\addons\ofxTween\src\Easings\ofxEasingExpo.h">
      <Filter>addons\ofxTween\src\Easings</Filter>
    </ClInclude>
    <ClInclude Include="..\..\..\addons\ofxTween\src\Easings\ofxEasingLinear.h">
      <Filter>addons\ofxTween\src\Easings</Filter>
    </ClInclude>
    <ClInclude Include="..\..\..\addons\ofxTween\src\Easings\ofxEasingQuad.h">
      <Filter>addons\ofxTween\src\Easings</Filter>
    </ClInclude>
    <ClInclude Include="..\..\..\addons\ofxTween\src\Easings\ofxEasingQuart.h">
      <Filter>addons\ofxTween\src\Easings</Filter>
    </ClInclude>
    <ClInclude Include="..\..\..\addons\ofxTween\src\Easings\ofxEasingQuint.h">
      <Filter>addons\ofxTween\src\Easings</Filter>
    </ClInclude>
    <ClInclude Include="..\..\..\addons\ofxTween\src\Easings\ofxEasingSine.h">
      <Filter>addons\ofxTween\src\Easings</Filter>
    </ClInclude>
    <ClInclude Include="..\..\..\addons\ofxTween\src\ofxTween.h">
      <Filter>addons\ofxTween\src</Filter>
    </ClInclude>
    <ClInclude Include="src\ScreenLabPortrait.h">
      <Filter>src</Filter>
    </ClInclude>
    <ClInclude Include="..\..\..\addons\ofxSubtitles\src\ofxSubtitles.h">
      <Filter>addons\ofxSubtitles\src</Filter>
    </ClInclude>
    <ClInclude Include="..\..\..\addons\ofxSubtitles\src\ofxSubtitleUnit.h">
      <Filter>addons\ofxSubtitles\src</Filter>
    </ClInclude>
    <ClInclude Include="..\..\..\addons\ofxCameraTrack\src\ofxCameraTrack.h">
      <Filter>addons\ofxCameraTrack\src</Filter>
    </ClInclude>
  </ItemGroup>
  <ItemGroup>
    <ResourceCompile Include="icon.rc" />
  </ItemGroup>
</Project>