<?xml version="1.0" encoding="utf-8"?>
<Project ToolsVersion="4.0" xmlns="http://schemas.microsoft.com/developer/msbuild/2003">
  <ItemGroup>
    <ClCompile Include="src\main.cpp" />
    <ClCompile Include="src\testApp.cpp" />
    <ClCompile Include="..\..\..\addons\ofxXmlSettings\src\ofxXmlSettings.cpp">
      <Filter>ofxXmlSettings</Filter>
    </ClCompile>
    <ClCompile Include="..\..\..\addons\ofxXmlSettings\libs\tinyxml.cpp">
      <Filter>ofxXmlSettings</Filter>
    </ClCompile>
    <ClCompile Include="..\..\..\addons\ofxXmlSettings\libs\tinyxmlerror.cpp">
      <Filter>ofxXmlSettings</Filter>
    </ClCompile>
    <ClCompile Include="..\..\..\addons\ofxXmlSettings\libs\tinyxmlparser.cpp">
      <Filter>ofxXmlSettings</Filter>
    </ClCompile>
    <ClCompile Include="..\..\..\addons\ofxRGBDepth\src\ofxDepthImageCompressor.cpp">
      <Filter>ofxRGBDepth</Filter>
    </ClCompile>
    <ClCompile Include="..\..\..\addons\ofxRGBDepth\src\ofxDepthImageSequence.cpp">
      <Filter>ofxRGBDepth</Filter>
    </ClCompile>
    <ClCompile Include="..\..\..\addons\ofxRGBDepth\src\ofxRGBDCompositionManager.cpp">
      <Filter>ofxRGBDepth</Filter>
    </ClCompile>
    <ClCompile Include="..\..\..\addons\ofxRGBDepth\src\ofxRGBDMediaTake.cpp">
      <Filter>ofxRGBDepth</Filter>
    </ClCompile>
    <ClCompile Include="..\..\..\addons\ofxRGBDepth\src\ofxRGBDRenderer.cpp">
      <Filter>ofxRGBDepth</Filter>
    </ClCompile>
    <ClCompile Include="..\..\..\addons\ofxRGBDepth\src\ofxRGBDRenderSettings.cpp">
      <Filter>ofxRGBDepth</Filter>
    </ClCompile>
    <ClCompile Include="..\..\..\addons\ofxRGBDepth\src\ofxRGBDVideoDepthSequence.cpp">
      <Filter>ofxRGBDepth</Filter>
    </ClCompile>
    <ClCompile Include="..\..\..\addons\ofxGameCamera\src\ofxGameCamera.cpp">
      <Filter>ofxGameCamera</Filter>
    </ClCompile>
    <ClCompile Include="..\..\..\addons\ofxCameraTrack\src\ofxCameraTrack.cpp">
      <Filter>ofxCameraTrack</Filter>
    </ClCompile>
    <ClCompile Include="src\ScreenLabPortrait.cpp" />
  </ItemGroup>
  <ItemGroup>
    <ClInclude Include="src\testApp.h" />
    <ClInclude Include="..\..\..\addons\ofxXmlSettings\src\ofxXmlSettings.h">
      <Filter>ofxXmlSettings</Filter>
    </ClInclude>
    <ClInclude Include="..\..\..\addons\ofxXmlSettings\libs\tinyxml.h">
      <Filter>ofxXmlSettings</Filter>
    </ClInclude>
    <ClInclude Include="..\..\..\addons\ofxRGBDepth\src\ofxDepthImageCompressor.h">
      <Filter>ofxRGBDepth</Filter>
    </ClInclude>
    <ClInclude Include="..\..\..\addons\ofxRGBDepth\src\ofxDepthImageSequence.h">
      <Filter>ofxRGBDepth</Filter>
    </ClInclude>
    <ClInclude Include="..\..\..\addons\ofxRGBDepth\src\ofxRGBDCompositionManager.h">
      <Filter>ofxRGBDepth</Filter>
    </ClInclude>
    <ClInclude Include="..\..\..\addons\ofxRGBDepth\src\ofxRGBDMediaTake.h">
      <Filter>ofxRGBDepth</Filter>
    </ClInclude>
    <ClInclude Include="..\..\..\addons\ofxRGBDepth\src\ofxRGBDRenderer.h">
      <Filter>ofxRGBDepth</Filter>
    </ClInclude>
    <ClInclude Include="..\..\..\addons\ofxRGBDepth\src\ofxRGBDRenderSettings.h">
      <Filter>ofxRGBDepth</Filter>
    </ClInclude>
    <ClInclude Include="..\..\..\addons\ofxRGBDepth\src\ofxRGBDVideoDepthSequence.h">
      <Filter>ofxRGBDepth</Filter>
    </ClInclude>
    <ClInclude Include="..\..\..\addons\ofxRange\ofRange.h">
      <Filter>ofxRange</Filter>
    </ClInclude>
    <ClInclude Include="..\..\..\addons\ofxGameCamera\src\ofxGameCamera.h">
      <Filter>ofxGameCamera</Filter>
    </ClInclude>
    <ClInclude Include="..\..\..\addons\ofxCameraTrack\src\ofxCameraTrack.h">
      <Filter>ofxCameraTrack</Filter>
    </ClInclude>
    <ClInclude Include="src\ScreenLabPortrait.h" />
  </ItemGroup>
  <ItemGroup>
    <Filter Include="ofxGameCamera">
      <UniqueIdentifier>{b4f7096f-8549-4a82-98aa-997284ce8462}</UniqueIdentifier>
    </Filter>
    <Filter Include="ofxRGBDepth">
      <UniqueIdentifier>{3599e0d3-1426-4a33-8612-c050e29a9aa2}</UniqueIdentifier>
    </Filter>
    <Filter Include="ofxXmlSettings">
      <UniqueIdentifier>{a4cdaea8-c327-44e9-830a-2a8db1223161}</UniqueIdentifier>
    </Filter>
    <Filter Include="ofxRange">
      <UniqueIdentifier>{71f3f8f9-7276-401e-bea9-968f7759c95d}</UniqueIdentifier>
    </Filter>
    <Filter Include="ofxCv">
      <UniqueIdentifier>{e38371b3-05dd-4cc6-ad56-47e29f97aeaf}</UniqueIdentifier>
    </Filter>
    <Filter Include="ofxCameraTrack">
      <UniqueIdentifier>{b56d26b8-f747-4dc6-9851-cbd43d90c0d3}</UniqueIdentifier>
    </Filter>
  </ItemGroup>
  <ItemGroup>
    <None Include="..\..\..\addons\ofxGameCamera\.gitignore">
      <Filter>ofxGameCamera</Filter>
    </None>
  </ItemGroup>
</Project>